
Microsoft Visual Studio Solution File, Format Version 12.00
# Visual Studio 15
VisualStudioVersion = 15.0.26430.16
MinimumVisualStudioVersion = 10.0.40219.1
Project("{FAE04EC0-301F-11D3-BF4B-00C04F79EFBC}") = "Data", "PimpMyRentACar\Data.csproj", "{5C5A0A7E-3192-4B84-A9BA-BCC2C988499F}"
EndProject
Project("{FAE04EC0-301F-11D3-BF4B-00C04F79EFBC}") = "Client", "PimpMyClient\Client.csproj", "{073BF9EC-A558-47CD-9E40-D03879EC4A70}"
EndProject
Global
	GlobalSection(SolutionConfigurationPlatforms) = preSolution
		Debug|Any CPU = Debug|Any CPU
		Release|Any CPU = Release|Any CPU
	EndGlobalSection
	GlobalSection(ProjectConfigurationPlatforms) = postSolution
		{5C5A0A7E-3192-4B84-A9BA-BCC2C988499F}.Debug|Any CPU.ActiveCfg = Debug|Any CPU
		{5C5A0A7E-3192-4B84-A9BA-BCC2C988499F}.Debug|Any CPU.Build.0 = Debug|Any CPU
		{5C5A0A7E-3192-4B84-A9BA-BCC2C988499F}.Release|Any CPU.ActiveCfg = Release|Any CPU
		{5C5A0A7E-3192-4B84-A9BA-BCC2C988499F}.Release|Any CPU.Build.0 = Release|Any CPU
		{073BF9EC-A558-47CD-9E40-D03879EC4A70}.Debug|Any CPU.ActiveCfg = Debug|Any CPU
		{073BF9EC-A558-47CD-9E40-D03879EC4A70}.Debug|Any CPU.Build.0 = Debug|Any CPU
		{073BF9EC-A558-47CD-9E40-D03879EC4A70}.Release|Any CPU.ActiveCfg = Release|Any CPU
		{073BF9EC-A558-47CD-9E40-D03879EC4A70}.Release|Any CPU.Build.0 = Release|Any CPU
	EndGlobalSection
	GlobalSection(SolutionProperties) = preSolution
		HideSolutionNode = FALSE
	EndGlobalSection
EndGlobal
